
Microsoft Visual Studio Solution File, Format Version 12.00
# Visual Studio Version 16
VisualStudioVersion = 16.0.31105.61
MinimumVisualStudioVersion = 10.0.40219.1
Project("{FAE04EC0-301F-11D3-BF4B-00C04F79EFBC}") = "IkiBoyutluDiziOdevi.ErtugrulKayali.203801017", "IkiBoyutluDiziOdevi.ErtugrulKayali.203801017\IkiBoyutluDiziOdevi.ErtugrulKayali.203801017.csproj", "{82D8BB0F-DD18-42F4-9DA1-DD374FFD1B02}"
EndProject
Global
	GlobalSection(SolutionConfigurationPlatforms) = preSolution
		Debug|Any CPU = Debug|Any CPU
		Release|Any CPU = Release|Any CPU
	EndGlobalSection
	GlobalSection(ProjectConfigurationPlatforms) = postSolution
		{82D8BB0F-DD18-42F4-9DA1-DD374FFD1B02}.Debug|Any CPU.ActiveCfg = Debug|Any CPU
		{82D8BB0F-DD18-42F4-9DA1-DD374FFD1B02}.Debug|Any CPU.Build.0 = Debug|Any CPU
		{82D8BB0F-DD18-42F4-9DA1-DD374FFD1B02}.Release|Any CPU.ActiveCfg = Release|Any CPU
		{82D8BB0F-DD18-42F4-9DA1-DD374FFD1B02}.Release|Any CPU.Build.0 = Release|Any CPU
	EndGlobalSection
	GlobalSection(SolutionProperties) = preSolution
		HideSolutionNode = FALSE
	EndGlobalSection
	GlobalSection(ExtensibilityGlobals) = postSolution
		SolutionGuid = {361A3A1C-7AD0-42E7-96BB-200BF8E0A370}
	EndGlobalSection
EndGlobal
